
Microsoft Visual Studio Solution File, Format Version 12.00
# Visual Studio Version 17
VisualStudioVersion = 17.14.36414.22 d17.14
MinimumVisualStudioVersion = 10.0.40219.1
Project("{FAE04EC0-301F-11D3-BF4B-00C04F79EFBC}") = "SomeProgrammingConcepts", "SomeProgrammingConcepts\SomeProgrammingConcepts.csproj", "{90EABD88-2B99-4B59-A93E-68B5D922101D}"
EndProject
Global
	GlobalSection(SolutionConfigurationPlatforms) = preSolution
		Debug|Any CPU = Debug|Any CPU
		Release|Any CPU = Release|Any CPU
	EndGlobalSection
	GlobalSection(ProjectConfigurationPlatforms) = postSolution
		{90EABD88-2B99-4B59-A93E-68B5D922101D}.Debug|Any CPU.ActiveCfg = Debug|Any CPU
		{90EABD88-2B99-4B59-A93E-68B5D922101D}.Debug|Any CPU.Build.0 = Debug|Any CPU
		{90EABD88-2B99-4B59-A93E-68B5D922101D}.Release|Any CPU.ActiveCfg = Release|Any CPU
		{90EABD88-2B99-4B59-A93E-68B5D922101D}.Release|Any CPU.Build.0 = Release|Any CPU
	EndGlobalSection
	GlobalSection(SolutionProperties) = preSolution
		HideSolutionNode = FALSE
	EndGlobalSection
	GlobalSection(ExtensibilityGlobals) = postSolution
		SolutionGuid = {9063BA64-2416-4F61-92C7-89B8B0A51660}
	EndGlobalSection
EndGlobal
